// !$*UTF8*$!
{
	archiveVersion = 1;
	classes = {
	};
	objectVersion = 56;
	objects = {

/* Begin PBXBuildFile section */
		218880F62C245C2A0032D98E /* Kingfisher in Frameworks */ = {isa = PBXBuildFile; productRef = 218880F52C245C2A0032D98E /* Kingfisher */; };
		218881092C2B16B50032D98E /* ProgressHUD in Frameworks */ = {isa = PBXBuildFile; productRef = 218881082C2B16B50032D98E /* ProgressHUD */; };
		2188810B2C2B16F10032D98E /* PhotoData.swift in Sources */ = {isa = PBXBuildFile; fileRef = 2188810A2C2B16F10032D98E /* PhotoData.swift */; };
		2188810E2C2B17D60032D98E /* ProgressHUD.swift in Sources */ = {isa = PBXBuildFile; fileRef = 2188810D2C2B17D60032D98E /* ProgressHUD.swift */; };
		218881102C2B23970032D98E /* DeleteService.swift in Sources */ = {isa = PBXBuildFile; fileRef = 2188810F2C2B23970032D98E /* DeleteService.swift */; };
		218881132C2C22130032D98E /* AlertPresenter.swift in Sources */ = {isa = PBXBuildFile; fileRef = 218881122C2C22130032D98E /* AlertPresenter.swift */; };
		21D49D8B2C00B97D004D1818 /* AppDelegate.swift in Sources */ = {isa = PBXBuildFile; fileRef = 21D49D8A2C00B97D004D1818 /* AppDelegate.swift */; };
		21D49D8D2C00B97D004D1818 /* SceneDelegate.swift in Sources */ = {isa = PBXBuildFile; fileRef = 21D49D8C2C00B97D004D1818 /* SceneDelegate.swift */; };
		21D49D8F2C00B97D004D1818 /* WeddingViewController.swift in Sources */ = {isa = PBXBuildFile; fileRef = 21D49D8E2C00B97D004D1818 /* WeddingViewController.swift */; };
		21D49D922C00B97D004D1818 /* Base in Resources */ = {isa = PBXBuildFile; fileRef = 21D49D912C00B97D004D1818 /* Base */; };
		21D49D952C00B97D004D1818 /* WeddingApp.xcdatamodeld in Sources */ = {isa = PBXBuildFile; fileRef = 21D49D932C00B97D004D1818 /* WeddingApp.xcdatamodeld */; };
		21D49D972C00B97F004D1818 /* Assets.xcassets in Resources */ = {isa = PBXBuildFile; fileRef = 21D49D962C00B97F004D1818 /* Assets.xcassets */; };
		21D49D9A2C00B97F004D1818 /* Base in Resources */ = {isa = PBXBuildFile; fileRef = 21D49D992C00B97F004D1818 /* Base */; };
		21D49DA52C00B980004D1818 /* WeddingAppTests.swift in Sources */ = {isa = PBXBuildFile; fileRef = 21D49DA42C00B980004D1818 /* WeddingAppTests.swift */; };
		21D49DAF2C00B980004D1818 /* WeddingAppUITests.swift in Sources */ = {isa = PBXBuildFile; fileRef = 21D49DAE2C00B980004D1818 /* WeddingAppUITests.swift */; };
		21D49DB12C00B980004D1818 /* WeddingAppUITestsLaunchTests.swift in Sources */ = {isa = PBXBuildFile; fileRef = 21D49DB02C00B980004D1818 /* WeddingAppUITestsLaunchTests.swift */; };
		21D49DC12C00BC88004D1818 /* TableViewCell.swift in Sources */ = {isa = PBXBuildFile; fileRef = 21D49DC02C00BC88004D1818 /* TableViewCell.swift */; };
		21D49DC42C0A0EF2004D1818 /* PhotoService.swift in Sources */ = {isa = PBXBuildFile; fileRef = 21D49DC32C0A0EF2004D1818 /* PhotoService.swift */; };
		21D49DC62C0A0F00004D1818 /* Constants.swift in Sources */ = {isa = PBXBuildFile; fileRef = 21D49DC52C0A0F00004D1818 /* Constants.swift */; };
		21D49DC92C0B3339004D1818 /* UploadService.swift in Sources */ = {isa = PBXBuildFile; fileRef = 21D49DC82C0B3339004D1818 /* UploadService.swift */; };
/* End PBXBuildFile section */

/* Begin PBXContainerItemProxy section */
		21D49DA12C00B980004D1818 /* PBXContainerItemProxy */ = {
			isa = PBXContainerItemProxy;
			containerPortal = 21D49D7F2C00B97D004D1818 /* Project object */;
			proxyType = 1;
			remoteGlobalIDString = 21D49D862C00B97D004D1818;
			remoteInfo = WeddingApp;
		};
		21D49DAB2C00B980004D1818 /* PBXContainerItemProxy */ = {
			isa = PBXContainerItemProxy;
			containerPortal = 21D49D7F2C00B97D004D1818 /* Project object */;
			proxyType = 1;
			remoteGlobalIDString = 21D49D862C00B97D004D1818;
			remoteInfo = WeddingApp;
		};
/* End PBXContainerItemProxy section */

/* Begin PBXFileReference section */
		2188810A2C2B16F10032D98E /* PhotoData.swift */ = {isa = PBXFileReference; lastKnownFileType = sourcecode.swift; path = PhotoData.swift; sourceTree = "<group>"; };
		2188810D2C2B17D60032D98E /* ProgressHUD.swift */ = {isa = PBXFileReference; lastKnownFileType = sourcecode.swift; path = ProgressHUD.swift; sourceTree = "<group>"; };
		2188810F2C2B23970032D98E /* DeleteService.swift */ = {isa = PBXFileReference; lastKnownFileType = sourcecode.swift; path = DeleteService.swift; sourceTree = "<group>"; };
		218881122C2C22130032D98E /* AlertPresenter.swift */ = {isa = PBXFileReference; lastKnownFileType = sourcecode.swift; path = AlertPresenter.swift; sourceTree = "<group>"; };
		21D49D872C00B97D004D1818 /* WeddingApp.app */ = {isa = PBXFileReference; explicitFileType = wrapper.application; includeInIndex = 0; path = WeddingApp.app; sourceTree = BUILT_PRODUCTS_DIR; };
		21D49D8A2C00B97D004D1818 /* AppDelegate.swift */ = {isa = PBXFileReference; lastKnownFileType = sourcecode.swift; path = AppDelegate.swift; sourceTree = "<group>"; };
		21D49D8C2C00B97D004D1818 /* SceneDelegate.swift */ = {isa = PBXFileReference; lastKnownFileType = sourcecode.swift; path = SceneDelegate.swift; sourceTree = "<group>"; };
		21D49D8E2C00B97D004D1818 /* WeddingViewController.swift */ = {isa = PBXFileReference; lastKnownFileType = sourcecode.swift; path = WeddingViewController.swift; sourceTree = "<group>"; };
		21D49D912C00B97D004D1818 /* Base */ = {isa = PBXFileReference; lastKnownFileType = file.storyboard; name = Base; path = Base.lproj/Main.storyboard; sourceTree = "<group>"; };
		21D49D942C00B97D004D1818 /* WeddingApp.xcdatamodel */ = {isa = PBXFileReference; lastKnownFileType = wrapper.xcdatamodel; path = WeddingApp.xcdatamodel; sourceTree = "<group>"; };
		21D49D962C00B97F004D1818 /* Assets.xcassets */ = {isa = PBXFileReference; lastKnownFileType = folder.assetcatalog; path = Assets.xcassets; sourceTree = "<group>"; };
		21D49D992C00B97F004D1818 /* Base */ = {isa = PBXFileReference; lastKnownFileType = file.storyboard; name = Base; path = Base.lproj/LaunchScreen.storyboard; sourceTree = "<group>"; };
		21D49D9B2C00B97F004D1818 /* Info.plist */ = {isa = PBXFileReference; lastKnownFileType = text.plist.xml; path = Info.plist; sourceTree = "<group>"; };
		21D49DA02C00B980004D1818 /* WeddingAppTests.xctest */ = {isa = PBXFileReference; explicitFileType = wrapper.cfbundle; includeInIndex = 0; path = WeddingAppTests.xctest; sourceTree = BUILT_PRODUCTS_DIR; };
		21D49DA42C00B980004D1818 /* WeddingAppTests.swift */ = {isa = PBXFileReference; lastKnownFileType = sourcecode.swift; path = WeddingAppTests.swift; sourceTree = "<group>"; };
		21D49DAA2C00B980004D1818 /* WeddingAppUITests.xctest */ = {isa = PBXFileReference; explicitFileType = wrapper.cfbundle; includeInIndex = 0; path = WeddingAppUITests.xctest; sourceTree = BUILT_PRODUCTS_DIR; };
		21D49DAE2C00B980004D1818 /* WeddingAppUITests.swift */ = {isa = PBXFileReference; lastKnownFileType = sourcecode.swift; path = WeddingAppUITests.swift; sourceTree = "<group>"; };
		21D49DB02C00B980004D1818 /* WeddingAppUITestsLaunchTests.swift */ = {isa = PBXFileReference; lastKnownFileType = sourcecode.swift; path = WeddingAppUITestsLaunchTests.swift; sourceTree = "<group>"; };
		21D49DC02C00BC88004D1818 /* TableViewCell.swift */ = {isa = PBXFileReference; lastKnownFileType = sourcecode.swift; path = TableViewCell.swift; sourceTree = "<group>"; };
		21D49DC32C0A0EF2004D1818 /* PhotoService.swift */ = {isa = PBXFileReference; lastKnownFileType = sourcecode.swift; path = PhotoService.swift; sourceTree = "<group>"; };
		21D49DC52C0A0F00004D1818 /* Constants.swift */ = {isa = PBXFileReference; lastKnownFileType = sourcecode.swift; path = Constants.swift; sourceTree = "<group>"; };
		21D49DC82C0B3339004D1818 /* UploadService.swift */ = {isa = PBXFileReference; lastKnownFileType = sourcecode.swift; path = UploadService.swift; sourceTree = "<group>"; };
/* End PBXFileReference section */

/* Begin PBXFrameworksBuildPhase section */
		21D49D842C00B97D004D1818 /* Frameworks */ = {
			isa = PBXFrameworksBuildPhase;
			buildActionMask = 2147483647;
			files = (
				218880F62C245C2A0032D98E /* Kingfisher in Frameworks */,
				218881092C2B16B50032D98E /* ProgressHUD in Frameworks */,
			);
			runOnlyForDeploymentPostprocessing = 0;
		};
		21D49D9D2C00B980004D1818 /* Frameworks */ = {
			isa = PBXFrameworksBuildPhase;
			buildActionMask = 2147483647;
			files = (
			);
			runOnlyForDeploymentPostprocessing = 0;
		};
		21D49DA72C00B980004D1818 /* Frameworks */ = {
			isa = PBXFrameworksBuildPhase;
			buildActionMask = 2147483647;
			files = (
			);
			runOnlyForDeploymentPostprocessing = 0;
		};
/* End PBXFrameworksBuildPhase section */

/* Begin PBXGroup section */
		2188810C2C2B17BF0032D98E /* ProgressHUD */ = {
			isa = PBXGroup;
			children = (
				2188810D2C2B17D60032D98E /* ProgressHUD.swift */,
			);
			path = ProgressHUD;
			sourceTree = "<group>";
		};
		218881112C2C21F60032D98E /* AlertController */ = {
			isa = PBXGroup;
			children = (
				218881122C2C22130032D98E /* AlertPresenter.swift */,
			);
			path = AlertController;
			sourceTree = "<group>";
		};
		21D49D7E2C00B97D004D1818 = {
			isa = PBXGroup;
			children = (
				218881112C2C21F60032D98E /* AlertController */,
				2188810C2C2B17BF0032D98E /* ProgressHUD */,
				21D49DC22C0A0ECE004D1818 /* Services */,
				21D49DBD2C00B9C4004D1818 /* WeddingViewController */,
				21D49D892C00B97D004D1818 /* WeddingApp */,
				21D49DA32C00B980004D1818 /* WeddingAppTests */,
				21D49DAD2C00B980004D1818 /* WeddingAppUITests */,
				21D49D882C00B97D004D1818 /* Products */,
			);
			sourceTree = "<group>";
		};
		21D49D882C00B97D004D1818 /* Products */ = {
			isa = PBXGroup;
			children = (
				21D49D872C00B97D004D1818 /* WeddingApp.app */,
				21D49DA02C00B980004D1818 /* WeddingAppTests.xctest */,
				21D49DAA2C00B980004D1818 /* WeddingAppUITests.xctest */,
			);
			name = Products;
			sourceTree = "<group>";
		};
		21D49D892C00B97D004D1818 /* WeddingApp */ = {
			isa = PBXGroup;
			children = (
				21D49D8A2C00B97D004D1818 /* AppDelegate.swift */,
				21D49D8C2C00B97D004D1818 /* SceneDelegate.swift */,
				21D49D902C00B97D004D1818 /* Main.storyboard */,
				21D49D962C00B97F004D1818 /* Assets.xcassets */,
				21D49D982C00B97F004D1818 /* LaunchScreen.storyboard */,
				21D49D9B2C00B97F004D1818 /* Info.plist */,
				21D49D932C00B97D004D1818 /* WeddingApp.xcdatamodeld */,
			);
			path = WeddingApp;
			sourceTree = "<group>";
		};
		21D49DA32C00B980004D1818 /* WeddingAppTests */ = {
			isa = PBXGroup;
			children = (
				21D49DA42C00B980004D1818 /* WeddingAppTests.swift */,
			);
			path = WeddingAppTests;
			sourceTree = "<group>";
		};
		21D49DAD2C00B980004D1818 /* WeddingAppUITests */ = {
			isa = PBXGroup;
			children = (
				21D49DAE2C00B980004D1818 /* WeddingAppUITests.swift */,
				21D49DB02C00B980004D1818 /* WeddingAppUITestsLaunchTests.swift */,
			);
			path = WeddingAppUITests;
			sourceTree = "<group>";
		};
		21D49DBD2C00B9C4004D1818 /* WeddingViewController */ = {
			isa = PBXGroup;
			children = (
				21D49D8E2C00B97D004D1818 /* WeddingViewController.swift */,
				21D49DC02C00BC88004D1818 /* TableViewCell.swift */,
			);
			path = WeddingViewController;
			sourceTree = "<group>";
		};
		21D49DC22C0A0ECE004D1818 /* Services */ = {
			isa = PBXGroup;
			children = (
				21D49DC32C0A0EF2004D1818 /* PhotoService.swift */,
				21D49DC52C0A0F00004D1818 /* Constants.swift */,
				2188810A2C2B16F10032D98E /* PhotoData.swift */,
				21D49DC82C0B3339004D1818 /* UploadService.swift */,
				2188810F2C2B23970032D98E /* DeleteService.swift */,
			);
			path = Services;
			sourceTree = "<group>";
		};
/* End PBXGroup section */

/* Begin PBXNativeTarget section */
		21D49D862C00B97D004D1818 /* WeddingApp */ = {
			isa = PBXNativeTarget;
			buildConfigurationList = 21D49DB42C00B980004D1818 /* Build configuration list for PBXNativeTarget "WeddingApp" */;
			buildPhases = (
				21D49D832C00B97D004D1818 /* Sources */,
				21D49D842C00B97D004D1818 /* Frameworks */,
				21D49D852C00B97D004D1818 /* Resources */,
			);
			buildRules = (
			);
			dependencies = (
			);
			name = WeddingApp;
			packageProductDependencies = (
				218880F52C245C2A0032D98E /* Kingfisher */,
				218881082C2B16B50032D98E /* ProgressHUD */,
			);
			productName = WeddingApp;
			productReference = 21D49D872C00B97D004D1818 /* WeddingApp.app */;
			productType = "com.apple.product-type.application";
		};
		21D49D9F2C00B980004D1818 /* WeddingAppTests */ = {
			isa = PBXNativeTarget;
			buildConfigurationList = 21D49DB72C00B980004D1818 /* Build configuration list for PBXNativeTarget "WeddingAppTests" */;
			buildPhases = (
				21D49D9C2C00B980004D1818 /* Sources */,
				21D49D9D2C00B980004D1818 /* Frameworks */,
				21D49D9E2C00B980004D1818 /* Resources */,
			);
			buildRules = (
			);
			dependencies = (
				21D49DA22C00B980004D1818 /* PBXTargetDependency */,
			);
			name = WeddingAppTests;
			productName = WeddingAppTests;
			productReference = 21D49DA02C00B980004D1818 /* WeddingAppTests.xctest */;
			productType = "com.apple.product-type.bundle.unit-test";
		};
		21D49DA92C00B980004D1818 /* WeddingAppUITests */ = {
			isa = PBXNativeTarget;
			buildConfigurationList = 21D49DBA2C00B980004D1818 /* Build configuration list for PBXNativeTarget "WeddingAppUITests" */;
			buildPhases = (
				21D49DA62C00B980004D1818 /* Sources */,
				21D49DA72C00B980004D1818 /* Frameworks */,
				21D49DA82C00B980004D1818 /* Resources */,
			);
			buildRules = (
			);
			dependencies = (
				21D49DAC2C00B980004D1818 /* PBXTargetDependency */,
			);
			name = WeddingAppUITests;
			productName = WeddingAppUITests;
			productReference = 21D49DAA2C00B980004D1818 /* WeddingAppUITests.xctest */;
			productType = "com.apple.product-type.bundle.ui-testing";
		};
/* End PBXNativeTarget section */

/* Begin PBXProject section */
		21D49D7F2C00B97D004D1818 /* Project object */ = {
			isa = PBXProject;
			attributes = {
				BuildIndependentTargetsInParallel = 1;
				LastSwiftUpdateCheck = 1530;
				LastUpgradeCheck = 1530;
				TargetAttributes = {
					21D49D862C00B97D004D1818 = {
						CreatedOnToolsVersion = 15.3;
					};
					21D49D9F2C00B980004D1818 = {
						CreatedOnToolsVersion = 15.3;
						TestTargetID = 21D49D862C00B97D004D1818;
					};
					21D49DA92C00B980004D1818 = {
						CreatedOnToolsVersion = 15.3;
						TestTargetID = 21D49D862C00B97D004D1818;
					};
				};
			};
			buildConfigurationList = 21D49D822C00B97D004D1818 /* Build configuration list for PBXProject "WeddingApp" */;
			compatibilityVersion = "Xcode 14.0";
			developmentRegion = en;
			hasScannedForEncodings = 0;
			knownRegions = (
				en,
				Base,
			);
			mainGroup = 21D49D7E2C00B97D004D1818;
			packageReferences = (
				218880F42C245C2A0032D98E /* XCRemoteSwiftPackageReference "Kingfisher" */,
				218881072C2B16B50032D98E /* XCRemoteSwiftPackageReference "ProgressHUD" */,
			);
			productRefGroup = 21D49D882C00B97D004D1818 /* Products */;
			projectDirPath = "";
			projectRoot = "";
			targets = (
				21D49D862C00B97D004D1818 /* WeddingApp */,
				21D49D9F2C00B980004D1818 /* WeddingAppTests */,
				21D49DA92C00B980004D1818 /* WeddingAppUITests */,
			);
		};
/* End PBXProject section */

/* Begin PBXResourcesBuildPhase section */
		21D49D852C00B97D004D1818 /* Resources */ = {
			isa = PBXResourcesBuildPhase;
			buildActionMask = 2147483647;
			files = (
				21D49D972C00B97F004D1818 /* Assets.xcassets in Resources */,
				21D49D9A2C00B97F004D1818 /* Base in Resources */,
				21D49D922C00B97D004D1818 /* Base in Resources */,
			);
			runOnlyForDeploymentPostprocessing = 0;
		};
		21D49D9E2C00B980004D1818 /* Resources */ = {
			isa = PBXResourcesBuildPhase;
			buildActionMask = 2147483647;
			files = (
			);
			runOnlyForDeploymentPostprocessing = 0;
		};
		21D49DA82C00B980004D1818 /* Resources */ = {
			isa = PBXResourcesBuildPhase;
			buildActionMask = 2147483647;
			files = (
			);
			runOnlyForDeploymentPostprocessing = 0;
		};
/* End PBXResourcesBuildPhase section */

/* Begin PBXSourcesBuildPhase section */
		21D49D832C00B97D004D1818 /* Sources */ = {
			isa = PBXSourcesBuildPhase;
			buildActionMask = 2147483647;
			files = (
				21D49D8F2C00B97D004D1818 /* WeddingViewController.swift in Sources */,
				21D49D8B2C00B97D004D1818 /* AppDelegate.swift in Sources */,
				2188810B2C2B16F10032D98E /* PhotoData.swift in Sources */,
				21D49DC12C00BC88004D1818 /* TableViewCell.swift in Sources */,
				21D49D952C00B97D004D1818 /* WeddingApp.xcdatamodeld in Sources */,
				21D49DC92C0B3339004D1818 /* UploadService.swift in Sources */,
				218881102C2B23970032D98E /* DeleteService.swift in Sources */,
				21D49DC62C0A0F00004D1818 /* Constants.swift in Sources */,
				21D49D8D2C00B97D004D1818 /* SceneDelegate.swift in Sources */,
				2188810E2C2B17D60032D98E /* ProgressHUD.swift in Sources */,
				21D49DC42C0A0EF2004D1818 /* PhotoService.swift in Sources */,
				218881132C2C22130032D98E /* AlertPresenter.swift in Sources */,
			);
			runOnlyForDeploymentPostprocessing = 0;
		};
		21D49D9C2C00B980004D1818 /* Sources */ = {
			isa = PBXSourcesBuildPhase;
			buildActionMask = 2147483647;
			files = (
				21D49DA52C00B980004D1818 /* WeddingAppTests.swift in Sources */,
			);
			runOnlyForDeploymentPostprocessing = 0;
		};
		21D49DA62C00B980004D1818 /* Sources */ = {
			isa = PBXSourcesBuildPhase;
			buildActionMask = 2147483647;
			files = (
				21D49DAF2C00B980004D1818 /* WeddingAppUITests.swift in Sources */,
				21D49DB12C00B980004D1818 /* WeddingAppUITestsLaunchTests.swift in Sources */,
			);
			runOnlyForDeploymentPostprocessing = 0;
		};
/* End PBXSourcesBuildPhase section */

/* Begin PBXTargetDependency section */
		21D49DA22C00B980004D1818 /* PBXTargetDependency */ = {
			isa = PBXTargetDependency;
			target = 21D49D862C00B97D004D1818 /* WeddingApp */;
			targetProxy = 21D49DA12C00B980004D1818 /* PBXContainerItemProxy */;
		};
		21D49DAC2C00B980004D1818 /* PBXTargetDependency */ = {
			isa = PBXTargetDependency;
			target = 21D49D862C00B97D004D1818 /* WeddingApp */;
			targetProxy = 21D49DAB2C00B980004D1818 /* PBXContainerItemProxy */;
		};
/* End PBXTargetDependency section */

/* Begin PBXVariantGroup section */
		21D49D902C00B97D004D1818 /* Main.storyboard */ = {
			isa = PBXVariantGroup;
			children = (
				21D49D912C00B97D004D1818 /* Base */,
			);
			name = Main.storyboard;
			sourceTree = "<group>";
		};
		21D49D982C00B97F004D1818 /* LaunchScreen.storyboard */ = {
			isa = PBXVariantGroup;
			children = (
				21D49D992C00B97F004D1818 /* Base */,
			);
			name = LaunchScreen.storyboard;
			sourceTree = "<group>";
		};
/* End PBXVariantGroup section */

/* Begin XCBuildConfiguration section */
		21D49DB22C00B980004D1818 /* Debug */ = {
			isa = XCBuildConfiguration;
			buildSettings = {
				ALWAYS_SEARCH_USER_PATHS = NO;
				ASSETCATALOG_COMPILER_GENERATE_SWIFT_ASSET_SYMBOL_EXTENSIONS = YES;
				CLANG_ANALYZER_NONNULL = YES;
				CLANG_ANALYZER_NUMBER_OBJECT_CONVERSION = YES_AGGRESSIVE;
				CLANG_CXX_LANGUAGE_STANDARD = "gnu++20";
				CLANG_ENABLE_MODULES = YES;
				CLANG_ENABLE_OBJC_ARC = YES;
				CLANG_ENABLE_OBJC_WEAK = YES;
				CLANG_WARN_BLOCK_CAPTURE_AUTORELEASING = YES;
				CLANG_WARN_BOOL_CONVERSION = YES;
				CLANG_WARN_COMMA = YES;
				CLANG_WARN_CONSTANT_CONVERSION = YES;
				CLANG_WARN_DEPRECATED_OBJC_IMPLEMENTATIONS = YES;
				CLANG_WARN_DIRECT_OBJC_ISA_USAGE = YES_ERROR;
				CLANG_WARN_DOCUMENTATION_COMMENTS = YES;
				CLANG_WARN_EMPTY_BODY = YES;
				CLANG_WARN_ENUM_CONVERSION = YES;
				CLANG_WARN_INFINITE_RECURSION = YES;
				CLANG_WARN_INT_CONVERSION = YES;
				CLANG_WARN_NON_LITERAL_NULL_CONVERSION = YES;
				CLANG_WARN_OBJC_IMPLICIT_RETAIN_SELF = YES;
				CLANG_WARN_OBJC_LITERAL_CONVERSION = YES;
				CLANG_WARN_OBJC_ROOT_CLASS = YES_ERROR;
				CLANG_WARN_QUOTED_INCLUDE_IN_FRAMEWORK_HEADER = YES;
				CLANG_WARN_RANGE_LOOP_ANALYSIS = YES;
				CLANG_WARN_STRICT_PROTOTYPES = YES;
				CLANG_WARN_SUSPICIOUS_MOVE = YES;
				CLANG_WARN_UNGUARDED_AVAILABILITY = YES_AGGRESSIVE;
				CLANG_WARN_UNREACHABLE_CODE = YES;
				CLANG_WARN__DUPLICATE_METHOD_MATCH = YES;
				COPY_PHASE_STRIP = NO;
				DEBUG_INFORMATION_FORMAT = dwarf;
				ENABLE_STRICT_OBJC_MSGSEND = YES;
				ENABLE_TESTABILITY = YES;
				ENABLE_USER_SCRIPT_SANDBOXING = YES;
				GCC_C_LANGUAGE_STANDARD = gnu17;
				GCC_DYNAMIC_NO_PIC = NO;
				GCC_NO_COMMON_BLOCKS = YES;
				GCC_OPTIMIZATION_LEVEL = 0;
				GCC_PREPROCESSOR_DEFINITIONS = (
					"DEBUG=1",
					"$(inherited)",
				);
				GCC_WARN_64_TO_32_BIT_CONVERSION = YES;
				GCC_WARN_ABOUT_RETURN_TYPE = YES_ERROR;
				GCC_WARN_UNDECLARED_SELECTOR = YES;
				GCC_WARN_UNINITIALIZED_AUTOS = YES_AGGRESSIVE;
				GCC_WARN_UNUSED_FUNCTION = YES;
				GCC_WARN_UNUSED_VARIABLE = YES;
				IPHONEOS_DEPLOYMENT_TARGET = 17.0;
				LOCALIZATION_PREFERS_STRING_CATALOGS = YES;
				MTL_ENABLE_DEBUG_INFO = INCLUDE_SOURCE;
				MTL_FAST_MATH = YES;
				ONLY_ACTIVE_ARCH = YES;
				SDKROOT = iphoneos;
				SWIFT_ACTIVE_COMPILATION_CONDITIONS = "DEBUG $(inherited)";
				SWIFT_OPTIMIZATION_LEVEL = "-Onone";
			};
			name = Debug;
		};
		21D49DB32C00B980004D1818 /* Release */ = {
			isa = XCBuildConfiguration;
			buildSettings = {
				ALWAYS_SEARCH_USER_PATHS = NO;
				ASSETCATALOG_COMPILER_GENERATE_SWIFT_ASSET_SYMBOL_EXTENSIONS = YES;
				CLANG_ANALYZER_NONNULL = YES;
				CLANG_ANALYZER_NUMBER_OBJECT_CONVERSION = YES_AGGRESSIVE;
				CLANG_CXX_LANGUAGE_STANDARD = "gnu++20";
				CLANG_ENABLE_MODULES = YES;
				CLANG_ENABLE_OBJC_ARC = YES;
				CLANG_ENABLE_OBJC_WEAK = YES;
				CLANG_WARN_BLOCK_CAPTURE_AUTORELEASING = YES;
				CLANG_WARN_BOOL_CONVERSION = YES;
				CLANG_WARN_COMMA = YES;
				CLANG_WARN_CONSTANT_CONVERSION = YES;
				CLANG_WARN_DEPRECATED_OBJC_IMPLEMENTATIONS = YES;
				CLANG_WARN_DIRECT_OBJC_ISA_USAGE = YES_ERROR;
				CLANG_WARN_DOCUMENTATION_COMMENTS = YES;
				CLANG_WARN_EMPTY_BODY = YES;
				CLANG_WARN_ENUM_CONVERSION = YES;
				CLANG_WARN_INFINITE_RECURSION = YES;
				CLANG_WARN_INT_CONVERSION = YES;
				CLANG_WARN_NON_LITERAL_NULL_CONVERSION = YES;
				CLANG_WARN_OBJC_IMPLICIT_RETAIN_SELF = YES;
				CLANG_WARN_OBJC_LITERAL_CONVERSION = YES;
				CLANG_WARN_OBJC_ROOT_CLASS = YES_ERROR;
				CLANG_WARN_QUOTED_INCLUDE_IN_FRAMEWORK_HEADER = YES;
				CLANG_WARN_RANGE_LOOP_ANALYSIS = YES;
				CLANG_WARN_STRICT_PROTOTYPES = YES;
				CLANG_WARN_SUSPICIOUS_MOVE = YES;
				CLANG_WARN_UNGUARDED_AVAILABILITY = YES_AGGRESSIVE;
				CLANG_WARN_UNREACHABLE_CODE = YES;
				CLANG_WARN__DUPLICATE_METHOD_MATCH = YES;
				COPY_PHASE_STRIP = NO;
				DEBUG_INFORMATION_FORMAT = "dwarf-with-dsym";
				ENABLE_NS_ASSERTIONS = NO;
				ENABLE_STRICT_OBJC_MSGSEND = YES;
				ENABLE_USER_SCRIPT_SANDBOXING = YES;
				GCC_C_LANGUAGE_STANDARD = gnu17;
				GCC_NO_COMMON_BLOCKS = YES;
				GCC_WARN_64_TO_32_BIT_CONVERSION = YES;
				GCC_WARN_ABOUT_RETURN_TYPE = YES_ERROR;
				GCC_WARN_UNDECLARED_SELECTOR = YES;
				GCC_WARN_UNINITIALIZED_AUTOS = YES_AGGRESSIVE;
				GCC_WARN_UNUSED_FUNCTION = YES;
				GCC_WARN_UNUSED_VARIABLE = YES;
				IPHONEOS_DEPLOYMENT_TARGET = 17.0;
				LOCALIZATION_PREFERS_STRING_CATALOGS = YES;
				MTL_ENABLE_DEBUG_INFO = NO;
				MTL_FAST_MATH = YES;
				SDKROOT = iphoneos;
				SWIFT_COMPILATION_MODE = wholemodule;
				VALIDATE_PRODUCT = YES;
			};
			name = Release;
		};
		21D49DB52C00B980004D1818 /* Debug */ = {
			isa = XCBuildConfiguration;
			buildSettings = {
				ASSETCATALOG_COMPILER_APPICON_NAME = AppIcon;
				ASSETCATALOG_COMPILER_GLOBAL_ACCENT_COLOR_NAME = AccentColor;
				CODE_SIGN_STYLE = Automatic;
				CURRENT_PROJECT_VERSION = 1;
				DEVELOPMENT_TEAM = P87WDJBUA5;
				GENERATE_INFOPLIST_FILE = YES;
				INFOPLIST_FILE = WeddingApp/Info.plist;
				INFOPLIST_KEY_UIApplicationSupportsIndirectInputEvents = YES;
				INFOPLIST_KEY_UILaunchStoryboardName = LaunchScreen;
				INFOPLIST_KEY_UIMainStoryboardFile = Main;
				INFOPLIST_KEY_UISupportedInterfaceOrientations_iPad = "UIInterfaceOrientationPortrait UIInterfaceOrientationPortraitUpsideDown UIInterfaceOrientationLandscapeLeft UIInterfaceOrientationLandscapeRight";
				INFOPLIST_KEY_UISupportedInterfaceOrientations_iPhone = "UIInterfaceOrientationPortrait UIInterfaceOrientationLandscapeLeft UIInterfaceOrientationLandscapeRight";
				IPHONEOS_DEPLOYMENT_TARGET = 17.0;
				LD_RUNPATH_SEARCH_PATHS = (
					"$(inherited)",
					"@executable_path/Frameworks",
				);
				MARKETING_VERSION = 1.0;
				PRODUCT_BUNDLE_IDENTIFIER = ru.usvladis.WeddingApp;
				PRODUCT_NAME = "$(TARGET_NAME)";
				SUPPORTED_PLATFORMS = "iphoneos iphonesimulator";
				SUPPORTS_MACCATALYST = NO;
				SUPPORTS_MAC_DESIGNED_FOR_IPHONE_IPAD = NO;
				SUPPORTS_XR_DESIGNED_FOR_IPHONE_IPAD = NO;
				SWIFT_EMIT_LOC_STRINGS = YES;
				SWIFT_VERSION = 5.0;
				TARGETED_DEVICE_FAMILY = 1;
			};
			name = Debug;
		};
		21D49DB62C00B980004D1818 /* Release */ = {
			isa = XCBuildConfiguration;
			buildSettings = {
				ASSETCATALOG_COMPILER_APPICON_NAME = AppIcon;
				ASSETCATALOG_COMPILER_GLOBAL_ACCENT_COLOR_NAME = AccentColor;
				CODE_SIGN_STYLE = Automatic;
				CURRENT_PROJECT_VERSION = 1;
				DEVELOPMENT_TEAM = P87WDJBUA5;
				GENERATE_INFOPLIST_FILE = YES;
				INFOPLIST_FILE = WeddingApp/Info.plist;
				INFOPLIST_KEY_UIApplicationSupportsIndirectInputEvents = YES;
				INFOPLIST_KEY_UILaunchStoryboardName = LaunchScreen;
				INFOPLIST_KEY_UIMainStoryboardFile = Main;
				INFOPLIST_KEY_UISupportedInterfaceOrientations_iPad = "UIInterfaceOrientationPortrait UIInterfaceOrientationPortraitUpsideDown UIInterfaceOrientationLandscapeLeft UIInterfaceOrientationLandscapeRight";
				INFOPLIST_KEY_UISupportedInterfaceOrientations_iPhone = "UIInterfaceOrientationPortrait UIInterfaceOrientationLandscapeLeft UIInterfaceOrientationLandscapeRight";
				IPHONEOS_DEPLOYMENT_TARGET = 17.0;
				LD_RUNPATH_SEARCH_PATHS = (
					"$(inherited)",
					"@executable_path/Frameworks",
				);
				MARKETING_VERSION = 1.0;
				PRODUCT_BUNDLE_IDENTIFIER = ru.usvladis.WeddingApp;
				PRODUCT_NAME = "$(TARGET_NAME)";
				SUPPORTED_PLATFORMS = "iphoneos iphonesimulator";
				SUPPORTS_MACCATALYST = NO;
				SUPPORTS_MAC_DESIGNED_FOR_IPHONE_IPAD = NO;
				SUPPORTS_XR_DESIGNED_FOR_IPHONE_IPAD = NO;
				SWIFT_EMIT_LOC_STRINGS = YES;
				SWIFT_VERSION = 5.0;
				TARGETED_DEVICE_FAMILY = 1;
			};
			name = Release;
		};
		21D49DB82C00B980004D1818 /* Debug */ = {
			isa = XCBuildConfiguration;
			buildSettings = {
				ALWAYS_EMBED_SWIFT_STANDARD_LIBRARIES = YES;
				BUNDLE_LOADER = "$(TEST_HOST)";
				CODE_SIGN_STYLE = Automatic;
				CURRENT_PROJECT_VERSION = 1;
				DEVELOPMENT_TEAM = P87WDJBUA5;
				GENERATE_INFOPLIST_FILE = YES;
				IPHONEOS_DEPLOYMENT_TARGET = 17.4;
				MARKETING_VERSION = 1.0;
				PRODUCT_BUNDLE_IDENTIFIER = ru.usvladis.WeddingAppTests;
				PRODUCT_NAME = "$(TARGET_NAME)";
				SWIFT_EMIT_LOC_STRINGS = NO;
				SWIFT_VERSION = 5.0;
				TARGETED_DEVICE_FAMILY = "1,2";
				TEST_HOST = "$(BUILT_PRODUCTS_DIR)/WeddingApp.app/$(BUNDLE_EXECUTABLE_FOLDER_PATH)/WeddingApp";
			};
			name = Debug;
		};
		21D49DB92C00B980004D1818 /* Release */ = {
			isa = XCBuildConfiguration;
			buildSettings = {
				ALWAYS_EMBED_SWIFT_STANDARD_LIBRARIES = YES;
				BUNDLE_LOADER = "$(TEST_HOST)";
				CODE_SIGN_STYLE = Automatic;
				CURRENT_PROJECT_VERSION = 1;
				DEVELOPMENT_TEAM = P87WDJBUA5;
				GENERATE_INFOPLIST_FILE = YES;
				IPHONEOS_DEPLOYMENT_TARGET = 17.4;
				MARKETING_VERSION = 1.0;
				PRODUCT_BUNDLE_IDENTIFIER = ru.usvladis.WeddingAppTests;
				PRODUCT_NAME = "$(TARGET_NAME)";
				SWIFT_EMIT_LOC_STRINGS = NO;
				SWIFT_VERSION = 5.0;
				TARGETED_DEVICE_FAMILY = "1,2";
				TEST_HOST = "$(BUILT_PRODUCTS_DIR)/WeddingApp.app/$(BUNDLE_EXECUTABLE_FOLDER_PATH)/WeddingApp";
			};
			name = Release;
		};
		21D49DBB2C00B980004D1818 /* Debug */ = {
			isa = XCBuildConfiguration;
			buildSettings = {
				ALWAYS_EMBED_SWIFT_STANDARD_LIBRARIES = YES;
				CODE_SIGN_STYLE = Automatic;
				CURRENT_PROJECT_VERSION = 1;
				DEVELOPMENT_TEAM = P87WDJBUA5;
				GENERATE_INFOPLIST_FILE = YES;
				MARKETING_VERSION = 1.0;
				PRODUCT_BUNDLE_IDENTIFIER = ru.usvladis.WeddingAppUITests;
				PRODUCT_NAME = "$(TARGET_NAME)";
				SWIFT_EMIT_LOC_STRINGS = NO;
				SWIFT_VERSION = 5.0;
				TARGETED_DEVICE_FAMILY = "1,2";
				TEST_TARGET_NAME = WeddingApp;
			};
			name = Debug;
		};
		21D49DBC2C00B980004D1818 /* Release */ = {
			isa = XCBuildConfiguration;
			buildSettings = {
				ALWAYS_EMBED_SWIFT_STANDARD_LIBRARIES = YES;
				CODE_SIGN_STYLE = Automatic;
				CURRENT_PROJECT_VERSION = 1;
				DEVELOPMENT_TEAM = P87WDJBUA5;
				GENERATE_INFOPLIST_FILE = YES;
				MARKETING_VERSION = 1.0;
				PRODUCT_BUNDLE_IDENTIFIER = ru.usvladis.WeddingAppUITests;
				PRODUCT_NAME = "$(TARGET_NAME)";
				SWIFT_EMIT_LOC_STRINGS = NO;
				SWIFT_VERSION = 5.0;
				TARGETED_DEVICE_FAMILY = "1,2";
				TEST_TARGET_NAME = WeddingApp;
			};
			name = Release;
		};
/* End XCBuildConfiguration section */

/* Begin XCConfigurationList section */
		21D49D822C00B97D004D1818 /* Build configuration list for PBXProject "WeddingApp" */ = {
			isa = XCConfigurationList;
			buildConfigurations = (
				21D49DB22C00B980004D1818 /* Debug */,
				21D49DB32C00B980004D1818 /* Release */,
			);
			defaultConfigurationIsVisible = 0;
			defaultConfigurationName = Release;
		};
		21D49DB42C00B980004D1818 /* Build configuration list for PBXNativeTarget "WeddingApp" */ = {
			isa = XCConfigurationList;
			buildConfigurations = (
				21D49DB52C00B980004D1818 /* Debug */,
				21D49DB62C00B980004D1818 /* Release */,
			);
			defaultConfigurationIsVisible = 0;
			defaultConfigurationName = Release;
		};
		21D49DB72C00B980004D1818 /* Build configuration list for PBXNativeTarget "WeddingAppTests" */ = {
			isa = XCConfigurationList;
			buildConfigurations = (
				21D49DB82C00B980004D1818 /* Debug */,
				21D49DB92C00B980004D1818 /* Release */,
			);
			defaultConfigurationIsVisible = 0;
			defaultConfigurationName = Release;
		};
		21D49DBA2C00B980004D1818 /* Build configuration list for PBXNativeTarget "WeddingAppUITests" */ = {
			isa = XCConfigurationList;
			buildConfigurations = (
				21D49DBB2C00B980004D1818 /* Debug */,
				21D49DBC2C00B980004D1818 /* Release */,
			);
			defaultConfigurationIsVisible = 0;
			defaultConfigurationName = Release;
		};
/* End XCConfigurationList section */

/* Begin XCRemoteSwiftPackageReference section */
		218880F42C245C2A0032D98E /* XCRemoteSwiftPackageReference "Kingfisher" */ = {
			isa = XCRemoteSwiftPackageReference;
			repositoryURL = "https://github.com/onevcat/Kingfisher";
			requirement = {
				kind = upToNextMajorVersion;
				minimumVersion = 7.12.0;
			};
		};
		218881072C2B16B50032D98E /* XCRemoteSwiftPackageReference "ProgressHUD" */ = {
			isa = XCRemoteSwiftPackageReference;
			repositoryURL = "https://github.com/relatedcode/ProgressHUD";
			requirement = {
				kind = upToNextMajorVersion;
				minimumVersion = 13.6.1;
			};
		};
/* End XCRemoteSwiftPackageReference section */

/* Begin XCSwiftPackageProductDependency section */
		218880F52C245C2A0032D98E /* Kingfisher */ = {
			isa = XCSwiftPackageProductDependency;
			package = 218880F42C245C2A0032D98E /* XCRemoteSwiftPackageReference "Kingfisher" */;
			productName = Kingfisher;
		};
		218881082C2B16B50032D98E /* ProgressHUD */ = {
			isa = XCSwiftPackageProductDependency;
			package = 218881072C2B16B50032D98E /* XCRemoteSwiftPackageReference "ProgressHUD" */;
			productName = ProgressHUD;
		};
/* End XCSwiftPackageProductDependency section */

/* Begin XCVersionGroup section */
		21D49D932C00B97D004D1818 /* WeddingApp.xcdatamodeld */ = {
			isa = XCVersionGroup;
			children = (
				21D49D942C00B97D004D1818 /* WeddingApp.xcdatamodel */,
			);
			currentVersion = 21D49D942C00B97D004D1818 /* WeddingApp.xcdatamodel */;
			path = WeddingApp.xcdatamodeld;
			sourceTree = "<group>";
			versionGroupType = wrapper.xcdatamodel;
		};
/* End XCVersionGroup section */
	};
	rootObject = 21D49D7F2C00B97D004D1818 /* Project object */;
}
